
Microsoft Visual Studio Solution File, Format Version 12.00
# Visual Studio Version 17
VisualStudioVersion = 17.14.36310.24 d17.14
MinimumVisualStudioVersion = 10.0.40219.1
Project("{8BC9CEB8-8B4A-11D0-8D11-00A0C91BC942}") = "problem 5", "problem 5.vcxproj", "{5E0AAD58-D21E-4D27-BDC0-0F4ABAC09E42}"
EndProject
Global
	GlobalSection(SolutionConfigurationPlatforms) = preSolution
		Debug|x64 = Debug|x64
		Debug|x86 = Debug|x86
		Release|x64 = Release|x64
		Release|x86 = Release|x86
	EndGlobalSection
	GlobalSection(ProjectConfigurationPlatforms) = postSolution
		{5E0AAD58-D21E-4D27-BDC0-0F4ABAC09E42}.Debug|x64.ActiveCfg = Debug|x64
		{5E0AAD58-D21E-4D27-BDC0-0F4ABAC09E42}.Debug|x64.Build.0 = Debug|x64
		{5E0AAD58-D21E-4D27-BDC0-0F4ABAC09E42}.Debug|x86.ActiveCfg = Debug|Win32
		{5E0AAD58-D21E-4D27-BDC0-0F4ABAC09E42}.Debug|x86.Build.0 = Debug|Win32
		{5E0AAD58-D21E-4D27-BDC0-0F4ABAC09E42}.Release|x64.ActiveCfg = Release|x64
		{5E0AAD58-D21E-4D27-BDC0-0F4ABAC09E42}.Release|x64.Build.0 = Release|x64
		{5E0AAD58-D21E-4D27-BDC0-0F4ABAC09E42}.Release|x86.ActiveCfg = Release|Win32
		{5E0AAD58-D21E-4D27-BDC0-0F4ABAC09E42}.Release|x86.Build.0 = Release|Win32
	EndGlobalSection
	GlobalSection(SolutionProperties) = preSolution
		HideSolutionNode = FALSE
	EndGlobalSection
	GlobalSection(ExtensibilityGlobals) = postSolution
		SolutionGuid = {6E861C47-FCD3-4B72-B949-561131C021FD}
	EndGlobalSection
EndGlobal
