
Microsoft Visual Studio Solution File, Format Version 12.00
# Visual Studio Version 17
VisualStudioVersion = 17.14.36310.24 d17.14
MinimumVisualStudioVersion = 10.0.40219.1
Project("{8BC9CEB8-8B4A-11D0-8D11-00A0C91BC942}") = "problem 2", "problem 2.vcxproj", "{234A73BE-45AC-4F67-B9A8-7E4ED13729AC}"
EndProject
Global
	GlobalSection(SolutionConfigurationPlatforms) = preSolution
		Debug|x64 = Debug|x64
		Debug|x86 = Debug|x86
		Release|x64 = Release|x64
		Release|x86 = Release|x86
	EndGlobalSection
	GlobalSection(ProjectConfigurationPlatforms) = postSolution
		{234A73BE-45AC-4F67-B9A8-7E4ED13729AC}.Debug|x64.ActiveCfg = Debug|x64
		{234A73BE-45AC-4F67-B9A8-7E4ED13729AC}.Debug|x64.Build.0 = Debug|x64
		{234A73BE-45AC-4F67-B9A8-7E4ED13729AC}.Debug|x86.ActiveCfg = Debug|Win32
		{234A73BE-45AC-4F67-B9A8-7E4ED13729AC}.Debug|x86.Build.0 = Debug|Win32
		{234A73BE-45AC-4F67-B9A8-7E4ED13729AC}.Release|x64.ActiveCfg = Release|x64
		{234A73BE-45AC-4F67-B9A8-7E4ED13729AC}.Release|x64.Build.0 = Release|x64
		{234A73BE-45AC-4F67-B9A8-7E4ED13729AC}.Release|x86.ActiveCfg = Release|Win32
		{234A73BE-45AC-4F67-B9A8-7E4ED13729AC}.Release|x86.Build.0 = Release|Win32
	EndGlobalSection
	GlobalSection(SolutionProperties) = preSolution
		HideSolutionNode = FALSE
	EndGlobalSection
	GlobalSection(ExtensibilityGlobals) = postSolution
		SolutionGuid = {B687FFFA-31CC-4353-93FD-7FF96B565615}
	EndGlobalSection
EndGlobal
